# This file is automatically @generated by Poetry 1.7.0 and should not be changed by hand.

[[package]]
name = "altgraph"
version = "0.17.4"
description = "Python graph (network) package"
optional = false
python-versions = "*"
files = [
    {file = "altgraph-0.17.4-py2.py3-none-any.whl", hash = "sha256:642743b4750de17e655e6711601b077bc6598dbfa3ba5fa2b2a35ce12b508dff"},
    {file = "altgraph-0.17.4.tar.gz", hash = "sha256:1b5afbb98f6c4dcadb2e2ae6ab9fa994bbb8c1d75f4fa96d340f9437ae454406"},
]

[[package]]
name = "macholib"
version = "1.16.3"
description = "Mach-O header analysis and editing"
optional = false
python-versions = "*"
files = [
    {file = "macholib-1.16.3-py2.py3-none-any.whl", hash = "sha256:0e315d7583d38b8c77e815b1ecbdbf504a8258d8b3e17b61165c6feb60d18f2c"},
    {file = "macholib-1.16.3.tar.gz", hash = "sha256:07ae9e15e8e4cd9a788013d81f5908b3609aa76f9b1421bae9c4d7606ec86a30"},
]

[package.dependencies]
altgraph = ">=0.17"

[[package]]
name = "ncm"
version = "1.0.0"
description = "Python library for NeoCtrlMod."
optional = false
python-versions = "^3.10"
files = []
develop = false

[package.source]
type = "directory"
url = "../ncm"

[[package]]
name = "packaging"
version = "23.2"
description = "Core utilities for Python packages"
optional = false
python-versions = ">=3.7"
files = [
    {file = "packaging-23.2-py3-none-any.whl", hash = "sha256:8c491190033a9af7e1d931d0b5dacc2ef47509b34dd0de67ed209b5203fc88c7"},
    {file = "packaging-23.2.tar.gz", hash = "sha256:048fb0e9405036518eaaf48a55953c750c11e1a1b68e0dd1a9d62ed0c092cfc5"},
]

[[package]]
name = "pefile"
version = "2023.2.7"
description = "Python PE parsing module"
optional = false
python-versions = ">=3.6.0"
files = [
    {file = "pefile-2023.2.7-py3-none-any.whl", hash = "sha256:da185cd2af68c08a6cd4481f7325ed600a88f6a813bad9dea07ab3ef73d8d8d6"},
    {file = "pefile-2023.2.7.tar.gz", hash = "sha256:82e6114004b3d6911c77c3953e3838654b04511b8b66e8583db70c65998017dc"},
]

[[package]]
name = "pyinstaller"
version = "6.1.0"
description = "PyInstaller bundles a Python application and all its dependencies into a single package."
optional = false
python-versions = "<3.13,>=3.8"
files = [
    {file = "pyinstaller-6.1.0-py3-none-macosx_10_13_universal2.whl", hash = "sha256:da78942d31c1911ea4abcd3ca3bd0c062af7f163a5e227fd18a359b61deda4ca"},
    {file = "pyinstaller-6.1.0-py3-none-manylinux2014_aarch64.whl", hash = "sha256:f63d2353537bac7bfeeaedbe5ac99f3be35daa290dd1ad1be90768acbf77e3d5"},
    {file = "pyinstaller-6.1.0-py3-none-manylinux2014_i686.whl", hash = "sha256:6e71d9f6f5a1e0f7523e8ebee1b76bb29538f64d863e3711c2b21033f499e2b9"},
    {file = "pyinstaller-6.1.0-py3-none-manylinux2014_ppc64le.whl", hash = "sha256:bebf6f442bbe6343acaec873803510ee1930d026846a018f727da4e0690081f8"},
    {file = "pyinstaller-6.1.0-py3-none-manylinux2014_s390x.whl", hash = "sha256:3c04963637481a3edf1eec64ab4c3fce098908f02fc472c11e73be7eedc08b95"},
    {file = "pyinstaller-6.1.0-py3-none-manylinux2014_x86_64.whl", hash = "sha256:4368e4eb9999ce32e3280330b3c26f175e0fa7fa13efb4d2dc4ade488ff6d7c2"},
    {file = "pyinstaller-6.1.0-py3-none-musllinux_1_1_aarch64.whl", hash = "sha256:041ab9311d08162356829bf47293a613c44dc9ace28846fb63098889c7383c5d"},
    {file = "pyinstaller-6.1.0-py3-none-musllinux_1_1_x86_64.whl", hash = "sha256:331f050e8f9e923bb6b50454acfc0547fd52092585c61eb5f2fc93de60703f13"},
    {file = "pyinstaller-6.1.0-py3-none-win32.whl", hash = "sha256:9e8b5bbc1bdf554ade1360e62e4959091430c3cc15ebfff3c28c8894fd1f312a"},
    {file = "pyinstaller-6.1.0-py3-none-win_amd64.whl", hash = "sha256:f9f5bcaef6122d93c54ee7a9ecb07eab5b81a7ebfb5cb99af2b2a6ff49eff62f"},
    {file = "pyinstaller-6.1.0-py3-none-win_arm64.whl", hash = "sha256:dd438afd2abb643f5399c0cb254a11c217c06782cb274a2911dd785f9f67fa9e"},
    {file = "pyinstaller-6.1.0.tar.gz", hash = "sha256:8f3d49c60f3344bf3d4a6d4258bda665dad185ab2b097341d3af2a6387c838ef"},
]

[package.dependencies]
altgraph = "*"
macholib = {version = ">=1.8", markers = "sys_platform == \"darwin\""}
packaging = ">=20.0"
pefile = {version = ">=2022.5.30", markers = "sys_platform == \"win32\""}
pyinstaller-hooks-contrib = ">=2021.4"
pywin32-ctypes = {version = ">=0.2.1", markers = "sys_platform == \"win32\""}
setuptools = ">=42.0.0"

[package.extras]
hook-testing = ["execnet (>=1.5.0)", "psutil", "pytest (>=2.7.3)"]

[[package]]
name = "pyinstaller-hooks-contrib"
version = "2023.10"
description = "Community maintained hooks for PyInstaller"
optional = false
python-versions = ">=3.7"
files = [
    {file = "pyinstaller-hooks-contrib-2023.10.tar.gz", hash = "sha256:4b4a998036abb713774cb26534ca06b7e6e09e4c628196017a10deb11a48747f"},
    {file = "pyinstaller_hooks_contrib-2023.10-py2.py3-none-any.whl", hash = "sha256:6dc1786a8f452941245d5bb85893e2a33632ebdcbc4c23eea41f2ee08281b0c0"},
]

[[package]]
name = "pyserial"
version = "3.5"
description = "Python Serial Port Extension"
optional = false
python-versions = "*"
files = [
    {file = "pyserial-3.5-py2.py3-none-any.whl", hash = "sha256:c4451db6ba391ca6ca299fb3ec7bae67a5c55dde170964c7a14ceefec02f2cf0"},
    {file = "pyserial-3.5.tar.gz", hash = "sha256:3c77e014170dfffbd816e6ffc205e9842efb10be9f58ec16d3e8675b4925cddb"},
]

[package.extras]
cp2110 = ["hidapi"]

[[package]]
name = "pywin32-ctypes"
version = "0.2.2"
description = "A (partial) reimplementation of pywin32 using ctypes/cffi"
optional = false
python-versions = ">=3.6"
files = [
    {file = "pywin32-ctypes-0.2.2.tar.gz", hash = "sha256:3426e063bdd5fd4df74a14fa3cf80a0b42845a87e1d1e81f6549f9daec593a60"},
    {file = "pywin32_ctypes-0.2.2-py3-none-any.whl", hash = "sha256:bf490a1a709baf35d688fe0ecf980ed4de11d2b3e37b51e5442587a75d9957e7"},
]

[[package]]
name = "setuptools"
version = "68.2.2"
description = "Easily download, build, install, upgrade, and uninstall Python packages"
optional = false
python-versions = ">=3.8"
files = [
    {file = "setuptools-68.2.2-py3-none-any.whl", hash = "sha256:b454a35605876da60632df1a60f736524eb73cc47bbc9f3f1ef1b644de74fd2a"},
    {file = "setuptools-68.2.2.tar.gz", hash = "sha256:4ac1475276d2f1c48684874089fefcd83bd7162ddaafb81fac866ba0db282a87"},
]

[package.extras]
docs = ["furo", "jaraco.packaging (>=9.3)", "jaraco.tidelift (>=1.4)", "pygments-github-lexers (==0.0.5)", "rst.linker (>=1.9)", "sphinx (>=3.5)", "sphinx-favicon", "sphinx-hoverxref (<2)", "sphinx-inline-tabs", "sphinx-lint", "sphinx-notfound-page (>=1,<2)", "sphinx-reredirects", "sphinxcontrib-towncrier"]
testing = ["build[virtualenv]", "filelock (>=3.4.0)", "flake8-2020", "ini2toml[lite] (>=0.9)", "jaraco.develop (>=7.21)", "jaraco.envs (>=2.2)", "jaraco.path (>=3.2.0)", "pip (>=19.1)", "pytest (>=6)", "pytest-black (>=0.3.7)", "pytest-checkdocs (>=2.4)", "pytest-cov", "pytest-enabler (>=2.2)", "pytest-mypy (>=0.9.1)", "pytest-perf", "pytest-ruff", "pytest-timeout", "pytest-xdist", "tomli-w (>=1.0.0)", "virtualenv (>=13.0.0)", "wheel"]
testing-integration = ["build[virtualenv] (>=1.0.3)", "filelock (>=3.4.0)", "jaraco.envs (>=2.2)", "jaraco.path (>=3.2.0)", "packaging (>=23.1)", "pytest", "pytest-enabler", "pytest-xdist", "tomli", "virtualenv (>=13.0.0)", "wheel"]

[metadata]
lock-version = "2.0"
python-versions = ">=3.10,<3.13"
content-hash = "b00c3104d64d65b2ca6c54d530276a6e032a3e99407f9d73f5f6616d5519ac61"
